
Microsoft Visual Studio Solution File, Format Version 12.00
# Visual Studio Version 16
VisualStudioVersion = 16.0.30413.136
MinimumVisualStudioVersion = 10.0.40219.1
Project("{2150E333-8FDC-42A3-9474-1A3956D46DE8}") = "1 - Presentation Layer", "1 - Presentation Layer", "{918B0CC3-AF0F-4445-BB70-F78403DF021A}"
EndProject
Project("{2150E333-8FDC-42A3-9474-1A3956D46DE8}") = "2 - Repository Layer", "2 - Repository Layer", "{4202F741-12F1-4903-A60E-9E1421AD6E18}"
EndProject
Project("{FAE04EC0-301F-11D3-BF4B-00C04F79EFBC}") = "Projeto.Presentation.Api", "Projeto.Presentation.Api\Projeto.Presentation.Api.csproj", "{DBC26DC4-BF6F-481E-8002-BA718D54AC72}"
EndProject
Project("{FAE04EC0-301F-11D3-BF4B-00C04F79EFBC}") = "Projeto.Infra.Data", "Projeto.Infra.Data\Projeto.Infra.Data.csproj", "{E5767A17-1A58-4870-B041-397E272E4385}"
EndProject
Global
	GlobalSection(SolutionConfigurationPlatforms) = preSolution
		Debug|Any CPU = Debug|Any CPU
		Release|Any CPU = Release|Any CPU
	EndGlobalSection
	GlobalSection(ProjectConfigurationPlatforms) = postSolution
		{DBC26DC4-BF6F-481E-8002-BA718D54AC72}.Debug|Any CPU.ActiveCfg = Debug|Any CPU
		{DBC26DC4-BF6F-481E-8002-BA718D54AC72}.Debug|Any CPU.Build.0 = Debug|Any CPU
		{DBC26DC4-BF6F-481E-8002-BA718D54AC72}.Release|Any CPU.ActiveCfg = Release|Any CPU
		{DBC26DC4-BF6F-481E-8002-BA718D54AC72}.Release|Any CPU.Build.0 = Release|Any CPU
		{E5767A17-1A58-4870-B041-397E272E4385}.Debug|Any CPU.ActiveCfg = Debug|Any CPU
		{E5767A17-1A58-4870-B041-397E272E4385}.Debug|Any CPU.Build.0 = Debug|Any CPU
		{E5767A17-1A58-4870-B041-397E272E4385}.Release|Any CPU.ActiveCfg = Release|Any CPU
		{E5767A17-1A58-4870-B041-397E272E4385}.Release|Any CPU.Build.0 = Release|Any CPU
	EndGlobalSection
	GlobalSection(SolutionProperties) = preSolution
		HideSolutionNode = FALSE
	EndGlobalSection
	GlobalSection(NestedProjects) = preSolution
		{DBC26DC4-BF6F-481E-8002-BA718D54AC72} = {918B0CC3-AF0F-4445-BB70-F78403DF021A}
		{E5767A17-1A58-4870-B041-397E272E4385} = {4202F741-12F1-4903-A60E-9E1421AD6E18}
	EndGlobalSection
	GlobalSection(ExtensibilityGlobals) = postSolution
		SolutionGuid = {453D109E-A3D1-4C45-BA34-4DD50DEA7E18}
	EndGlobalSection
EndGlobal
